
Microsoft Visual Studio Solution File, Format Version 12.00
# Visual Studio Version 16
VisualStudioVersion = 16.0.30114.105
MinimumVisualStudioVersion = 10.0.40219.1
Project("{FAE04EC0-301F-11D3-BF4B-00C04F79EFBC}") = "CRM.Web", "src\CRM.Web\CRM.Web.csproj", "{EB6F09B8-B412-4610-83A2-D2376D0C3096}"
EndProject
Project("{FAE04EC0-301F-11D3-BF4B-00C04F79EFBC}") = "CRM.Domain", "src\CRM.Domain\CRM.Domain.csproj", "{34FF7A12-B0E9-428E-9FB7-15EF2A610A0C}"
EndProject
Project("{FAE04EC0-301F-11D3-BF4B-00C04F79EFBC}") = "CRM.Domain.Tests", "test\CRM.Domain.Tests\CRM.Domain.Tests.csproj", "{9B22AE84-B588-40BD-8012-266E2828AAA2}"
EndProject
Project("{2150E333-8FDC-42A3-9474-1A3956D46DE8}") = "tests", "tests", "{FE3666B7-E34F-46D4-B83D-9F45390EF315}"
EndProject
Project("{FAE04EC0-301F-11D3-BF4B-00C04F79EFBC}") = "CRM.Integration.Tests", "test\CRM.Integration.Tests\CRM.Integration.Tests.csproj", "{54BE04DB-ABBF-4C8B-9984-729C0D886664}"
EndProject
Global
	GlobalSection(SolutionConfigurationPlatforms) = preSolution
		Debug|Any CPU = Debug|Any CPU
		Debug|x64 = Debug|x64
		Debug|x86 = Debug|x86
		Release|Any CPU = Release|Any CPU
		Release|x64 = Release|x64
		Release|x86 = Release|x86
	EndGlobalSection
	GlobalSection(SolutionProperties) = preSolution
		HideSolutionNode = FALSE
	EndGlobalSection
	GlobalSection(ProjectConfigurationPlatforms) = postSolution
		{EB6F09B8-B412-4610-83A2-D2376D0C3096}.Debug|Any CPU.ActiveCfg = Debug|Any CPU
		{EB6F09B8-B412-4610-83A2-D2376D0C3096}.Debug|Any CPU.Build.0 = Debug|Any CPU
		{EB6F09B8-B412-4610-83A2-D2376D0C3096}.Debug|x64.ActiveCfg = Debug|Any CPU
		{EB6F09B8-B412-4610-83A2-D2376D0C3096}.Debug|x64.Build.0 = Debug|Any CPU
		{EB6F09B8-B412-4610-83A2-D2376D0C3096}.Debug|x86.ActiveCfg = Debug|Any CPU
		{EB6F09B8-B412-4610-83A2-D2376D0C3096}.Debug|x86.Build.0 = Debug|Any CPU
		{EB6F09B8-B412-4610-83A2-D2376D0C3096}.Release|Any CPU.ActiveCfg = Release|Any CPU
		{EB6F09B8-B412-4610-83A2-D2376D0C3096}.Release|Any CPU.Build.0 = Release|Any CPU
		{EB6F09B8-B412-4610-83A2-D2376D0C3096}.Release|x64.ActiveCfg = Release|Any CPU
		{EB6F09B8-B412-4610-83A2-D2376D0C3096}.Release|x64.Build.0 = Release|Any CPU
		{EB6F09B8-B412-4610-83A2-D2376D0C3096}.Release|x86.ActiveCfg = Release|Any CPU
		{EB6F09B8-B412-4610-83A2-D2376D0C3096}.Release|x86.Build.0 = Release|Any CPU
		{34FF7A12-B0E9-428E-9FB7-15EF2A610A0C}.Debug|Any CPU.ActiveCfg = Debug|Any CPU
		{34FF7A12-B0E9-428E-9FB7-15EF2A610A0C}.Debug|Any CPU.Build.0 = Debug|Any CPU
		{34FF7A12-B0E9-428E-9FB7-15EF2A610A0C}.Debug|x64.ActiveCfg = Debug|Any CPU
		{34FF7A12-B0E9-428E-9FB7-15EF2A610A0C}.Debug|x64.Build.0 = Debug|Any CPU
		{34FF7A12-B0E9-428E-9FB7-15EF2A610A0C}.Debug|x86.ActiveCfg = Debug|Any CPU
		{34FF7A12-B0E9-428E-9FB7-15EF2A610A0C}.Debug|x86.Build.0 = Debug|Any CPU
		{34FF7A12-B0E9-428E-9FB7-15EF2A610A0C}.Release|Any CPU.ActiveCfg = Release|Any CPU
		{34FF7A12-B0E9-428E-9FB7-15EF2A610A0C}.Release|Any CPU.Build.0 = Release|Any CPU
		{34FF7A12-B0E9-428E-9FB7-15EF2A610A0C}.Release|x64.ActiveCfg = Release|Any CPU
		{34FF7A12-B0E9-428E-9FB7-15EF2A610A0C}.Release|x64.Build.0 = Release|Any CPU
		{34FF7A12-B0E9-428E-9FB7-15EF2A610A0C}.Release|x86.ActiveCfg = Release|Any CPU
		{34FF7A12-B0E9-428E-9FB7-15EF2A610A0C}.Release|x86.Build.0 = Release|Any CPU
		{9B22AE84-B588-40BD-8012-266E2828AAA2}.Debug|Any CPU.ActiveCfg = Debug|Any CPU
		{9B22AE84-B588-40BD-8012-266E2828AAA2}.Debug|Any CPU.Build.0 = Debug|Any CPU
		{9B22AE84-B588-40BD-8012-266E2828AAA2}.Debug|x64.ActiveCfg = Debug|Any CPU
		{9B22AE84-B588-40BD-8012-266E2828AAA2}.Debug|x64.Build.0 = Debug|Any CPU
		{9B22AE84-B588-40BD-8012-266E2828AAA2}.Debug|x86.ActiveCfg = Debug|Any CPU
		{9B22AE84-B588-40BD-8012-266E2828AAA2}.Debug|x86.Build.0 = Debug|Any CPU
		{9B22AE84-B588-40BD-8012-266E2828AAA2}.Release|Any CPU.ActiveCfg = Release|Any CPU
		{9B22AE84-B588-40BD-8012-266E2828AAA2}.Release|Any CPU.Build.0 = Release|Any CPU
		{9B22AE84-B588-40BD-8012-266E2828AAA2}.Release|x64.ActiveCfg = Release|Any CPU
		{9B22AE84-B588-40BD-8012-266E2828AAA2}.Release|x64.Build.0 = Release|Any CPU
		{9B22AE84-B588-40BD-8012-266E2828AAA2}.Release|x86.ActiveCfg = Release|Any CPU
		{9B22AE84-B588-40BD-8012-266E2828AAA2}.Release|x86.Build.0 = Release|Any CPU
		{54BE04DB-ABBF-4C8B-9984-729C0D886664}.Debug|Any CPU.ActiveCfg = Debug|Any CPU
		{54BE04DB-ABBF-4C8B-9984-729C0D886664}.Debug|Any CPU.Build.0 = Debug|Any CPU
		{54BE04DB-ABBF-4C8B-9984-729C0D886664}.Debug|x64.ActiveCfg = Debug|Any CPU
		{54BE04DB-ABBF-4C8B-9984-729C0D886664}.Debug|x64.Build.0 = Debug|Any CPU
		{54BE04DB-ABBF-4C8B-9984-729C0D886664}.Debug|x86.ActiveCfg = Debug|Any CPU
		{54BE04DB-ABBF-4C8B-9984-729C0D886664}.Debug|x86.Build.0 = Debug|Any CPU
		{54BE04DB-ABBF-4C8B-9984-729C0D886664}.Release|Any CPU.ActiveCfg = Release|Any CPU
		{54BE04DB-ABBF-4C8B-9984-729C0D886664}.Release|Any CPU.Build.0 = Release|Any CPU
		{54BE04DB-ABBF-4C8B-9984-729C0D886664}.Release|x64.ActiveCfg = Release|Any CPU
		{54BE04DB-ABBF-4C8B-9984-729C0D886664}.Release|x64.Build.0 = Release|Any CPU
		{54BE04DB-ABBF-4C8B-9984-729C0D886664}.Release|x86.ActiveCfg = Release|Any CPU
		{54BE04DB-ABBF-4C8B-9984-729C0D886664}.Release|x86.Build.0 = Release|Any CPU
	EndGlobalSection
	GlobalSection(NestedProjects) = preSolution
		{9B22AE84-B588-40BD-8012-266E2828AAA2} = {FE3666B7-E34F-46D4-B83D-9F45390EF315}
		{54BE04DB-ABBF-4C8B-9984-729C0D886664} = {FE3666B7-E34F-46D4-B83D-9F45390EF315}
	EndGlobalSection
EndGlobal
